{
	"name": "spike",
	"version": "4.0.0-alpha",
	"lockfileVersion": 1,
	"requires": true,
	"dependencies": {
		"@types/node": {
			"version": "14.6.3",
			"resolved": "https://registry.npmjs.org/@types/node/-/node-14.6.3.tgz",
			"integrity": "sha512-pC/hkcREG6YfDfui1FBmj8e20jFU5Exjw4NYDm8kEdrW+mOh0T1Zve8DWKnS7ZIZvgncrctcNCXF4Q2I+loyww=="
		},
		"esbuild": {
			"version": "0.6.30",
			"resolved": "https://registry.npmjs.org/esbuild/-/esbuild-0.6.30.tgz",
			"integrity": "sha512-ZSZY461UPzTYYC3rqy1QiMtngk2WyXf+58MgC7tC22jkI90FXNgEl0hN3ipfn/UgZYzTW2GBcHiO7t0rSbHT7g=="
		}
	}
}
